// !$*UTF8*$!
{
	archiveVersion = 1;
	classes = {
	};
	objectVersion = 77;
	objects = {

/* Begin PBXBuildFile section */
		3B3C1A4B2C6E4A5698A10001 /* YtDlpDownloaderMacApp.swift in Sources */ = {isa = PBXBuildFile; fileRef = 3B3C1A4A2C6E4A5698A10001 /* YtDlpDownloaderMacApp.swift */; };
		3B3C1A4D2C6E4A5698A10001 /* ContentView.swift in Sources */ = {isa = PBXBuildFile; fileRef = 3B3C1A4C2C6E4A5698A10001 /* ContentView.swift */; };
		3B3C1A542C6E4A5698A10001 /* DownloadOption.swift in Sources */ = {isa = PBXBuildFile; fileRef = 3B3C1A532C6E4A5698A10001 /* DownloadOption.swift */; };
		3B3C1A562C6E4A5698A10001 /* VideoSummary.swift in Sources */ = {isa = PBXBuildFile; fileRef = 3B3C1A552C6E4A5698A10001 /* VideoSummary.swift */; };
		3B3C1A582C6E4A5698A10001 /* MainViewModel.swift in Sources */ = {isa = PBXBuildFile; fileRef = 3B3C1A572C6E4A5698A10001 /* MainViewModel.swift */; };
		3B3C1A5A2C6E4A5698A10001 /* MainView.swift in Sources */ = {isa = PBXBuildFile; fileRef = 3B3C1A592C6E4A5698A10001 /* MainView.swift */; };
		3B3C1A5F2C6E4A5698A10001 /* YtDlpModels.swift in Sources */ = {isa = PBXBuildFile; fileRef = 3B3C1A5E2C6E4A5698A10001 /* YtDlpModels.swift */; };
		3B3C1A612C6E4A5698A10001 /* ProcessRunner.swift in Sources */ = {isa = PBXBuildFile; fileRef = 3B3C1A602C6E4A5698A10001 /* ProcessRunner.swift */; };
		3B3C1A632C6E4A5698A10001 /* ToolPathService.swift in Sources */ = {isa = PBXBuildFile; fileRef = 3B3C1A622C6E4A5698A10001 /* ToolPathService.swift */; };
		3B3C1A652C6E4A5698A10001 /* YtDlpService.swift in Sources */ = {isa = PBXBuildFile; fileRef = 3B3C1A642C6E4A5698A10001 /* YtDlpService.swift */; };
		3B3C1A682C6E4A5698A10001 /* DownloadProgress.swift in Sources */ = {isa = PBXBuildFile; fileRef = 3B3C1A672C6E4A5698A10001 /* DownloadProgress.swift */; };
		3B3C1A6A2C6E4A5698A10001 /* DownloadService.swift in Sources */ = {isa = PBXBuildFile; fileRef = 3B3C1A692C6E4A5698A10001 /* DownloadService.swift */; };
		3B3C1A6C2C6E4A5698A10001 /* ComponentStatus.swift in Sources */ = {isa = PBXBuildFile; fileRef = 3B3C1A6B2C6E4A5698A10001 /* ComponentStatus.swift */; };
		3B3C1A6E2C6E4A5698A10001 /* ComponentRepairService.swift in Sources */ = {isa = PBXBuildFile; fileRef = 3B3C1A6D2C6E4A5698A10001 /* ComponentRepairService.swift */; };
		3B3C1A702C6E4A5698A10001 /* Assets.xcassets in Resources */ = {isa = PBXBuildFile; fileRef = 3B3C1A6F2C6E4A5698A10001 /* Assets.xcassets */; };
/* End PBXBuildFile section */

/* Begin PBXFileReference section */
		3B3C1A442C6E4A5698A10001 /* YtDlpDownloaderMac.app */ = {isa = PBXFileReference; explicitFileType = wrapper.application; includeInIndex = 0; path = YtDlpDownloaderMac.app; sourceTree = BUILT_PRODUCTS_DIR; };
		3B3C1A4A2C6E4A5698A10001 /* YtDlpDownloaderMacApp.swift */ = {isa = PBXFileReference; lastKnownFileType = sourcecode.swift; path = YtDlpDownloaderMacApp.swift; sourceTree = "<group>"; };
		3B3C1A4C2C6E4A5698A10001 /* ContentView.swift */ = {isa = PBXFileReference; lastKnownFileType = sourcecode.swift; path = ContentView.swift; sourceTree = "<group>"; };
		3B3C1A532C6E4A5698A10001 /* DownloadOption.swift */ = {isa = PBXFileReference; lastKnownFileType = sourcecode.swift; path = DownloadOption.swift; sourceTree = "<group>"; };
		3B3C1A552C6E4A5698A10001 /* VideoSummary.swift */ = {isa = PBXFileReference; lastKnownFileType = sourcecode.swift; path = VideoSummary.swift; sourceTree = "<group>"; };
		3B3C1A572C6E4A5698A10001 /* MainViewModel.swift */ = {isa = PBXFileReference; lastKnownFileType = sourcecode.swift; path = MainViewModel.swift; sourceTree = "<group>"; };
		3B3C1A592C6E4A5698A10001 /* MainView.swift */ = {isa = PBXFileReference; lastKnownFileType = sourcecode.swift; path = MainView.swift; sourceTree = "<group>"; };
		3B3C1A5E2C6E4A5698A10001 /* YtDlpModels.swift */ = {isa = PBXFileReference; lastKnownFileType = sourcecode.swift; path = YtDlpModels.swift; sourceTree = "<group>"; };
		3B3C1A602C6E4A5698A10001 /* ProcessRunner.swift */ = {isa = PBXFileReference; lastKnownFileType = sourcecode.swift; path = ProcessRunner.swift; sourceTree = "<group>"; };
		3B3C1A622C6E4A5698A10001 /* ToolPathService.swift */ = {isa = PBXFileReference; lastKnownFileType = sourcecode.swift; path = ToolPathService.swift; sourceTree = "<group>"; };
		3B3C1A642C6E4A5698A10001 /* YtDlpService.swift */ = {isa = PBXFileReference; lastKnownFileType = sourcecode.swift; path = YtDlpService.swift; sourceTree = "<group>"; };
		3B3C1A672C6E4A5698A10001 /* DownloadProgress.swift */ = {isa = PBXFileReference; lastKnownFileType = sourcecode.swift; path = DownloadProgress.swift; sourceTree = "<group>"; };
		3B3C1A692C6E4A5698A10001 /* DownloadService.swift */ = {isa = PBXFileReference; lastKnownFileType = sourcecode.swift; path = DownloadService.swift; sourceTree = "<group>"; };
		3B3C1A6B2C6E4A5698A10001 /* ComponentStatus.swift */ = {isa = PBXFileReference; lastKnownFileType = sourcecode.swift; path = ComponentStatus.swift; sourceTree = "<group>"; };
		3B3C1A6D2C6E4A5698A10001 /* ComponentRepairService.swift */ = {isa = PBXFileReference; lastKnownFileType = sourcecode.swift; path = ComponentRepairService.swift; sourceTree = "<group>"; };
		3B3C1A6F2C6E4A5698A10001 /* Assets.xcassets */ = {isa = PBXFileReference; lastKnownFileType = folder.assetcatalog; path = Assets.xcassets; sourceTree = "<group>"; };
/* End PBXFileReference section */

/* Begin PBXFileSystemSynchronizedRootGroup section */
/* End PBXFileSystemSynchronizedRootGroup section */

/* Begin PBXFrameworksBuildPhase section */
		3B3C1A412C6E4A5698A10001 /* Frameworks */ = {
			isa = PBXFrameworksBuildPhase;
			buildActionMask = 2147483647;
			files = (
			);
			runOnlyForDeploymentPostprocessing = 0;
		};
/* End PBXFrameworksBuildPhase section */

/* Begin PBXGroup section */
		3B3C1A3B2C6E4A5698A10001 = {
			isa = PBXGroup;
			children = (
				3B3C1A462C6E4A5698A10001 /* YtDlpDownloaderMac */,
				3B3C1A452C6E4A5698A10001 /* Products */,
			);
			sourceTree = "<group>";
		};
		3B3C1A452C6E4A5698A10001 /* Products */ = {
			isa = PBXGroup;
			children = (
				3B3C1A442C6E4A5698A10001 /* YtDlpDownloaderMac.app */,
			);
			name = Products;
			sourceTree = "<group>";
		};
		3B3C1A462C6E4A5698A10001 /* YtDlpDownloaderMac */ = {
			isa = PBXGroup;
			children = (
				3B3C1A4A2C6E4A5698A10001 /* YtDlpDownloaderMacApp.swift */,
				3B3C1A4C2C6E4A5698A10001 /* ContentView.swift */,
				3B3C1A6F2C6E4A5698A10001 /* Assets.xcassets */,
				3B3C1A5B2C6E4A5698A10001 /* Models */,
				3B3C1A5C2C6E4A5698A10001 /* ViewModels */,
				3B3C1A5D2C6E4A5698A10001 /* Views */,
				3B3C1A662C6E4A5698A10001 /* Services */,
			);
			path = YtDlpDownloaderMac;
			sourceTree = "<group>";
		};
		3B3C1A5B2C6E4A5698A10001 /* Models */ = {
			isa = PBXGroup;
			children = (
				3B3C1A532C6E4A5698A10001 /* DownloadOption.swift */,
				3B3C1A552C6E4A5698A10001 /* VideoSummary.swift */,
				3B3C1A5E2C6E4A5698A10001 /* YtDlpModels.swift */,
				3B3C1A672C6E4A5698A10001 /* DownloadProgress.swift */,
				3B3C1A6B2C6E4A5698A10001 /* ComponentStatus.swift */,
			);
			path = Models;
			sourceTree = "<group>";
		};
		3B3C1A5C2C6E4A5698A10001 /* ViewModels */ = {
			isa = PBXGroup;
			children = (
				3B3C1A572C6E4A5698A10001 /* MainViewModel.swift */,
			);
			path = ViewModels;
			sourceTree = "<group>";
		};
		3B3C1A5D2C6E4A5698A10001 /* Views */ = {
			isa = PBXGroup;
			children = (
				3B3C1A592C6E4A5698A10001 /* MainView.swift */,
			);
			path = Views;
			sourceTree = "<group>";
		};
		3B3C1A662C6E4A5698A10001 /* Services */ = {
			isa = PBXGroup;
			children = (
				3B3C1A602C6E4A5698A10001 /* ProcessRunner.swift */,
				3B3C1A622C6E4A5698A10001 /* ToolPathService.swift */,
				3B3C1A642C6E4A5698A10001 /* YtDlpService.swift */,
				3B3C1A692C6E4A5698A10001 /* DownloadService.swift */,
				3B3C1A6D2C6E4A5698A10001 /* ComponentRepairService.swift */,
			);
			path = Services;
			sourceTree = "<group>";
		};
/* End PBXGroup section */

/* Begin PBXNativeTarget section */
		3B3C1A432C6E4A5698A10001 /* YtDlpDownloaderMac */ = {
			isa = PBXNativeTarget;
			buildConfigurationList = 3B3C1A502C6E4A5698A10001 /* Build configuration list for PBXNativeTarget "YtDlpDownloaderMac" */;
			buildPhases = (
				3B3C1A402C6E4A5698A10001 /* Sources */,
				3B3C1A412C6E4A5698A10001 /* Frameworks */,
				3B3C1A422C6E4A5698A10001 /* Resources */,
			);
			buildRules = (
			);
			dependencies = (
			);
			name = YtDlpDownloaderMac;
			productName = YtDlpDownloaderMac;
			productReference = 3B3C1A442C6E4A5698A10001 /* YtDlpDownloaderMac.app */;
			productType = "com.apple.product-type.application";
		};
/* End PBXNativeTarget section */

/* Begin PBXProject section */
		3B3C1A3C2C6E4A5698A10001 /* Project object */ = {
			isa = PBXProject;
			attributes = {
				BuildIndependentTargetsInParallel = 1;
				LastSwiftUpdateCheck = 2620;
				LastUpgradeCheck = 2620;
				TargetAttributes = {
					3B3C1A432C6E4A5698A10001 = {
						CreatedOnToolsVersion = 26.2;
					};
				};
			};
			buildConfigurationList = 3B3C1A3F2C6E4A5698A10001 /* Build configuration list for PBXProject "YtDlpDownloaderMac" */;
			developmentRegion = en;
			hasScannedForEncodings = 0;
			knownRegions = (
				en,
				Base,
			);
			mainGroup = 3B3C1A3B2C6E4A5698A10001;
			minimizedProjectReferenceProxies = 1;
			preferredProjectObjectVersion = 77;
			productRefGroup = 3B3C1A452C6E4A5698A10001 /* Products */;
			projectDirPath = "";
			projectRoot = "";
			targets = (
				3B3C1A432C6E4A5698A10001 /* YtDlpDownloaderMac */,
			);
		};
/* End PBXProject section */

/* Begin PBXResourcesBuildPhase section */
		3B3C1A422C6E4A5698A10001 /* Resources */ = {
			isa = PBXResourcesBuildPhase;
			buildActionMask = 2147483647;
			files = (
				3B3C1A702C6E4A5698A10001 /* Assets.xcassets in Resources */,
			);
			runOnlyForDeploymentPostprocessing = 0;
		};
/* End PBXResourcesBuildPhase section */

/* Begin PBXSourcesBuildPhase section */
		3B3C1A402C6E4A5698A10001 /* Sources */ = {
			isa = PBXSourcesBuildPhase;
			buildActionMask = 2147483647;
			files = (
				3B3C1A4B2C6E4A5698A10001 /* YtDlpDownloaderMacApp.swift in Sources */,
				3B3C1A4D2C6E4A5698A10001 /* ContentView.swift in Sources */,
				3B3C1A542C6E4A5698A10001 /* DownloadOption.swift in Sources */,
				3B3C1A562C6E4A5698A10001 /* VideoSummary.swift in Sources */,
				3B3C1A5F2C6E4A5698A10001 /* YtDlpModels.swift in Sources */,
				3B3C1A582C6E4A5698A10001 /* MainViewModel.swift in Sources */,
				3B3C1A5A2C6E4A5698A10001 /* MainView.swift in Sources */,
				3B3C1A612C6E4A5698A10001 /* ProcessRunner.swift in Sources */,
				3B3C1A632C6E4A5698A10001 /* ToolPathService.swift in Sources */,
				3B3C1A652C6E4A5698A10001 /* YtDlpService.swift in Sources */,
				3B3C1A682C6E4A5698A10001 /* DownloadProgress.swift in Sources */,
				3B3C1A6A2C6E4A5698A10001 /* DownloadService.swift in Sources */,
				3B3C1A6C2C6E4A5698A10001 /* ComponentStatus.swift in Sources */,
				3B3C1A6E2C6E4A5698A10001 /* ComponentRepairService.swift in Sources */,
			);
			runOnlyForDeploymentPostprocessing = 0;
		};
/* End PBXSourcesBuildPhase section */

/* Begin XCBuildConfiguration section */
		3B3C1A4E2C6E4A5698A10001 /* Debug */ = {
			isa = XCBuildConfiguration;
			buildSettings = {
				ALWAYS_SEARCH_USER_PATHS = NO;
				CLANG_ANALYZER_NONNULL = YES;
				CLANG_ANALYZER_NUMBER_OBJECT_CONVERSION = YES_AGGRESSIVE;
				CLANG_CXX_LANGUAGE_STANDARD = "gnu++20";
				CLANG_ENABLE_MODULES = YES;
				CLANG_ENABLE_OBJC_ARC = YES;
				CLANG_ENABLE_OBJC_WEAK = YES;
				CLANG_WARN_BLOCK_CAPTURE_AUTORELEASING = YES;
				CLANG_WARN_BOOL_CONVERSION = YES;
				CLANG_WARN_COMMA = YES;
				CLANG_WARN_CONSTANT_CONVERSION = YES;
				CLANG_WARN_DEPRECATED_OBJC_IMPLEMENTATIONS = YES;
				CLANG_WARN_DIRECT_OBJC_ISA_USAGE = YES_ERROR;
				CLANG_WARN_DOCUMENTATION_COMMENTS = YES;
				CLANG_WARN_EMPTY_BODY = YES;
				CLANG_WARN_ENUM_CONVERSION = YES;
				CLANG_WARN_INFINITE_RECURSION = YES;
				CLANG_WARN_INT_CONVERSION = YES;
				CLANG_WARN_NON_LITERAL_NULL_CONVERSION = YES;
				CLANG_WARN_OBJC_IMPLICIT_RETAIN_SELF = YES;
				CLANG_WARN_OBJC_LITERAL_CONVERSION = YES;
				CLANG_WARN_OBJC_ROOT_CLASS = YES_ERROR;
				CLANG_WARN_QUOTED_INCLUDE_IN_FRAMEWORK_HEADER = YES;
				CLANG_WARN_RANGE_LOOP_ANALYSIS = YES;
				CLANG_WARN_STRICT_PROTOTYPES = YES;
				CLANG_WARN_SUSPICIOUS_MOVE = YES;
				CLANG_WARN_UNGUARDED_AVAILABILITY = YES_AGGRESSIVE;
				CLANG_WARN_UNREACHABLE_CODE = YES;
				COPY_PHASE_STRIP = NO;
				DEBUG_INFORMATION_FORMAT = dwarf;
				ENABLE_STRICT_OBJC_MSGSEND = YES;
				ENABLE_TESTABILITY = YES;
				GCC_C_LANGUAGE_STANDARD = gnu17;
				GCC_DYNAMIC_NO_PIC = NO;
				GCC_NO_COMMON_BLOCKS = YES;
				GCC_OPTIMIZATION_LEVEL = 0;
				GCC_PREPROCESSOR_DEFINITIONS = (
					"DEBUG=1",
					"$(inherited)",
				);
				GCC_WARN_64_TO_32_BIT_CONVERSION = YES;
				GCC_WARN_ABOUT_RETURN_TYPE = YES_ERROR;
				GCC_WARN_UNDECLARED_SELECTOR = YES;
				GCC_WARN_UNINITIALIZED_AUTOS = YES_AGGRESSIVE;
				GCC_WARN_UNUSED_FUNCTION = YES;
				GCC_WARN_UNUSED_VARIABLE = YES;
				MACOSX_DEPLOYMENT_TARGET = 13.0;
				MTL_ENABLE_DEBUG_INFO = INCLUDE_SOURCE;
				MTL_FAST_MATH = YES;
				ONLY_ACTIVE_ARCH = YES;
				SDKROOT = macosx;
				SWIFT_ACTIVE_COMPILATION_CONDITIONS = DEBUG;
				SWIFT_OPTIMIZATION_LEVEL = "-Onone";
			};
			name = Debug;
		};
		3B3C1A4F2C6E4A5698A10001 /* Release */ = {
			isa = XCBuildConfiguration;
			buildSettings = {
				ALWAYS_SEARCH_USER_PATHS = NO;
				CLANG_ANALYZER_NONNULL = YES;
				CLANG_ANALYZER_NUMBER_OBJECT_CONVERSION = YES_AGGRESSIVE;
				CLANG_CXX_LANGUAGE_STANDARD = "gnu++20";
				CLANG_ENABLE_MODULES = YES;
				CLANG_ENABLE_OBJC_ARC = YES;
				CLANG_ENABLE_OBJC_WEAK = YES;
				CLANG_WARN_BLOCK_CAPTURE_AUTORELEASING = YES;
				CLANG_WARN_BOOL_CONVERSION = YES;
				CLANG_WARN_COMMA = YES;
				CLANG_WARN_CONSTANT_CONVERSION = YES;
				CLANG_WARN_DEPRECATED_OBJC_IMPLEMENTATIONS = YES;
				CLANG_WARN_DIRECT_OBJC_ISA_USAGE = YES_ERROR;
				CLANG_WARN_DOCUMENTATION_COMMENTS = YES;
				CLANG_WARN_EMPTY_BODY = YES;
				CLANG_WARN_ENUM_CONVERSION = YES;
				CLANG_WARN_INFINITE_RECURSION = YES;
				CLANG_WARN_INT_CONVERSION = YES;
				CLANG_WARN_NON_LITERAL_NULL_CONVERSION = YES;
				CLANG_WARN_OBJC_IMPLICIT_RETAIN_SELF = YES;
				CLANG_WARN_OBJC_LITERAL_CONVERSION = YES;
				CLANG_WARN_OBJC_ROOT_CLASS = YES_ERROR;
				CLANG_WARN_QUOTED_INCLUDE_IN_FRAMEWORK_HEADER = YES;
				CLANG_WARN_RANGE_LOOP_ANALYSIS = YES;
				CLANG_WARN_STRICT_PROTOTYPES = YES;
				CLANG_WARN_SUSPICIOUS_MOVE = YES;
				CLANG_WARN_UNGUARDED_AVAILABILITY = YES_AGGRESSIVE;
				CLANG_WARN_UNREACHABLE_CODE = YES;
				COPY_PHASE_STRIP = NO;
				DEBUG_INFORMATION_FORMAT = "dwarf-with-dsym";
				ENABLE_NS_ASSERTIONS = NO;
				ENABLE_STRICT_OBJC_MSGSEND = YES;
				GCC_C_LANGUAGE_STANDARD = gnu17;
				GCC_NO_COMMON_BLOCKS = YES;
				GCC_WARN_64_TO_32_BIT_CONVERSION = YES;
				GCC_WARN_ABOUT_RETURN_TYPE = YES_ERROR;
				GCC_WARN_UNDECLARED_SELECTOR = YES;
				GCC_WARN_UNINITIALIZED_AUTOS = YES_AGGRESSIVE;
				GCC_WARN_UNUSED_FUNCTION = YES;
				GCC_WARN_UNUSED_VARIABLE = YES;
				MACOSX_DEPLOYMENT_TARGET = 13.0;
				MTL_ENABLE_DEBUG_INFO = NO;
				MTL_FAST_MATH = YES;
				SDKROOT = macosx;
				SWIFT_COMPILATION_MODE = wholemodule;
				SWIFT_OPTIMIZATION_LEVEL = "-O";
			};
			name = Release;
		};
		3B3C1A512C6E4A5698A10001 /* Debug */ = {
			isa = XCBuildConfiguration;
			buildSettings = {
				ASSETCATALOG_COMPILER_APPICON_NAME = AppIcon;
				CODE_SIGN_STYLE = Automatic;
				COMBINE_HIDPI_IMAGES = YES;
				CURRENT_PROJECT_VERSION = 1;
				DEVELOPMENT_TEAM = "";
				ENABLE_PREVIEWS = YES;
				GENERATE_INFOPLIST_FILE = YES;
				INFOPLIST_KEY_CFBundleDisplayName = "YtDlp Downloader";
				INFOPLIST_KEY_LSApplicationCategoryType = "public.app-category.utilities";
				INFOPLIST_KEY_NSHighResolutionCapable = YES;
				LD_RUNPATH_SEARCH_PATHS = (
					"$(inherited)",
					"@executable_path/../Frameworks",
				);
				MACOSX_DEPLOYMENT_TARGET = 13.0;
				MARKETING_VERSION = 0.1.0;
				PRODUCT_BUNDLE_IDENTIFIER = com.jcobject.ytdlpdownloader.mac;
				PRODUCT_NAME = "$(TARGET_NAME)";
				SWIFT_EMIT_LOC_STRINGS = YES;
				SWIFT_VERSION = 6.0;
			};
			name = Debug;
		};
		3B3C1A522C6E4A5698A10001 /* Release */ = {
			isa = XCBuildConfiguration;
			buildSettings = {
				ASSETCATALOG_COMPILER_APPICON_NAME = AppIcon;
				CODE_SIGN_STYLE = Automatic;
				COMBINE_HIDPI_IMAGES = YES;
				CURRENT_PROJECT_VERSION = 1;
				DEVELOPMENT_TEAM = "";
				ENABLE_PREVIEWS = YES;
				GENERATE_INFOPLIST_FILE = YES;
				INFOPLIST_KEY_CFBundleDisplayName = "YtDlp Downloader";
				INFOPLIST_KEY_LSApplicationCategoryType = "public.app-category.utilities";
				INFOPLIST_KEY_NSHighResolutionCapable = YES;
				LD_RUNPATH_SEARCH_PATHS = (
					"$(inherited)",
					"@executable_path/../Frameworks",
				);
				MACOSX_DEPLOYMENT_TARGET = 13.0;
				MARKETING_VERSION = 0.1.0;
				PRODUCT_BUNDLE_IDENTIFIER = com.jcobject.ytdlpdownloader.mac;
				PRODUCT_NAME = "$(TARGET_NAME)";
				SWIFT_EMIT_LOC_STRINGS = YES;
				SWIFT_VERSION = 6.0;
			};
			name = Release;
		};
/* End XCBuildConfiguration section */

/* Begin XCConfigurationList section */
		3B3C1A3F2C6E4A5698A10001 /* Build configuration list for PBXProject "YtDlpDownloaderMac" */ = {
			isa = XCConfigurationList;
			buildConfigurations = (
				3B3C1A4E2C6E4A5698A10001 /* Debug */,
				3B3C1A4F2C6E4A5698A10001 /* Release */,
			);
			defaultConfigurationIsVisible = 0;
			defaultConfigurationName = Release;
		};
		3B3C1A502C6E4A5698A10001 /* Build configuration list for PBXNativeTarget "YtDlpDownloaderMac" */ = {
			isa = XCConfigurationList;
			buildConfigurations = (
				3B3C1A512C6E4A5698A10001 /* Debug */,
				3B3C1A522C6E4A5698A10001 /* Release */,
			);
			defaultConfigurationIsVisible = 0;
			defaultConfigurationName = Release;
		};
/* End XCConfigurationList section */
	};
	rootObject = 3B3C1A3C2C6E4A5698A10001 /* Project object */;
}
